
Microsoft Visual Studio Solution File, Format Version 12.00
# Visual Studio Version 17
VisualStudioVersion = 17.7.34009.444
MinimumVisualStudioVersion = 10.0.40219.1
Project("{FAE04EC0-301F-11D3-BF4B-00C04F79EFBC}") = "LoCoMProFunctionalTests", "LoCoMProFunctionalTests.csproj", "{5976999C-EC02-4184-833F-CAEAC2EF2B94}"
EndProject
Global
	GlobalSection(SolutionConfigurationPlatforms) = preSolution
		Debug|Any CPU = Debug|Any CPU
		Release|Any CPU = Release|Any CPU
	EndGlobalSection
	GlobalSection(ProjectConfigurationPlatforms) = postSolution
		{5976999C-EC02-4184-833F-CAEAC2EF2B94}.Debug|Any CPU.ActiveCfg = Debug|Any CPU
		{5976999C-EC02-4184-833F-CAEAC2EF2B94}.Debug|Any CPU.Build.0 = Debug|Any CPU
		{5976999C-EC02-4184-833F-CAEAC2EF2B94}.Release|Any CPU.ActiveCfg = Release|Any CPU
		{5976999C-EC02-4184-833F-CAEAC2EF2B94}.Release|Any CPU.Build.0 = Release|Any CPU
	EndGlobalSection
	GlobalSection(SolutionProperties) = preSolution
		HideSolutionNode = FALSE
	EndGlobalSection
	GlobalSection(ExtensibilityGlobals) = postSolution
		SolutionGuid = {9440B266-6230-4C60-AFA3-E568A291EEDD}
	EndGlobalSection
EndGlobal
